// !$*UTF8*$!
{
	archiveVersion = 1;
	classes = {
	};
	objectVersion = 46;
	objects = {

/* Begin PBXFileReference section */
		B5BF88831EA851E600D797AD /* .DS_Store */ = {isa = PBXFileReference; lastKnownFileType = file; path = .DS_Store; sourceTree = "<group>"; };
		B5BF88841EA851E600D797AD /* c++ */ = {isa = PBXFileReference; lastKnownFileType = folder; path = "c++"; sourceTree = "<group>"; };
		B5BF88851EA851E600D797AD /* conf */ = {isa = PBXFileReference; lastKnownFileType = folder; path = conf; sourceTree = "<group>"; };
		B5BF88861EA851E600D797AD /* crypto */ = {isa = PBXFileReference; lastKnownFileType = folder; path = crypto; sourceTree = "<group>"; };
		B5BF88871EA851E600D797AD /* gen */ = {isa = PBXFileReference; lastKnownFileType = folder; path = gen; sourceTree = "<group>"; };
		B5BF88881EA851E600D797AD /* i386 */ = {isa = PBXFileReference; lastKnownFileType = folder; path = i386; sourceTree = "<group>"; };
		B5BF88891EA851E600D797AD /* kmod */ = {isa = PBXFileReference; lastKnownFileType = folder; path = kmod; sourceTree = "<group>"; };
		B5BF888A1EA851E600D797AD /* libkern */ = {isa = PBXFileReference; lastKnownFileType = folder; path = libkern; sourceTree = "<group>"; };
		B5BF888B1EA851E600D797AD /* mach-o */ = {isa = PBXFileReference; lastKnownFileType = folder; path = "mach-o"; sourceTree = "<group>"; };
		B5BF888C1EA851E600D797AD /* Makefile */ = {isa = PBXFileReference; lastKnownFileType = sourcecode.make; path = Makefile; sourceTree = "<group>"; };
		B5BF888D1EA851E600D797AD /* ppc */ = {isa = PBXFileReference; lastKnownFileType = folder; path = ppc; sourceTree = "<group>"; };
		B5BF888E1EA851E600D797AD /* stdio */ = {isa = PBXFileReference; lastKnownFileType = folder; path = stdio; sourceTree = "<group>"; };
		B5BF888F1EA851E600D797AD /* uuid */ = {isa = PBXFileReference; lastKnownFileType = folder; path = uuid; sourceTree = "<group>"; };
		B5BF88901EA851E600D797AD /* zlib.c */ = {isa = PBXFileReference; lastKnownFileType = sourcecode.c.c; path = zlib.c; sourceTree = "<group>"; };
/* End PBXFileReference section */

/* Begin PBXGroup section */
		B5BF887D1EA851E600D797AD = {
			isa = PBXGroup;
			children = (
				B5BF88831EA851E600D797AD /* .DS_Store */,
				B5BF88841EA851E600D797AD /* c++ */,
				B5BF88851EA851E600D797AD /* conf */,
				B5BF88861EA851E600D797AD /* crypto */,
				B5BF88871EA851E600D797AD /* gen */,
				B5BF88881EA851E600D797AD /* i386 */,
				B5BF88891EA851E600D797AD /* kmod */,
				B5BF888A1EA851E600D797AD /* libkern */,
				B5BF888B1EA851E600D797AD /* mach-o */,
				B5BF888C1EA851E600D797AD /* Makefile */,
				B5BF888D1EA851E600D797AD /* ppc */,
				B5BF888E1EA851E600D797AD /* stdio */,
				B5BF888F1EA851E600D797AD /* uuid */,
				B5BF88901EA851E600D797AD /* zlib.c */,
			);
			sourceTree = "<group>";
		};
/* End PBXGroup section */

/* Begin PBXLegacyTarget section */
		B5BF88821EA851E600D797AD /* libkern */ = {
			isa = PBXLegacyTarget;
			buildArgumentsString = "$(ACTION)";
			buildConfigurationList = B5BF88911EA851E600D797AD /* Build configuration list for PBXLegacyTarget "libkern" */;
			buildPhases = (
			);
			buildToolPath = /usr/bin/make;
			buildWorkingDirectory = "/Users/xiushan.fan/Documents/Self.Code/Code.GitHub/Survey.xnu-1228.0.2/libkern";
			dependencies = (
			);
			name = libkern;
			passBuildSettingsInEnvironment = 1;
			productName = libkern;
		};
/* End PBXLegacyTarget section */

/* Begin PBXProject section */
		B5BF887E1EA851E600D797AD /* Project object */ = {
			isa = PBXProject;
			attributes = {
			};
			buildConfigurationList = B5BF88811EA851E600D797AD /* Build configuration list for PBXProject "libkern" */;
			compatibilityVersion = "Xcode 3.2";
			developmentRegion = English;
			hasScannedForEncodings = 0;
			knownRegions = (
				en,
			);
			mainGroup = B5BF887D1EA851E600D797AD;
			projectDirPath = "";
			projectRoot = "";
			targets = (
				B5BF88821EA851E600D797AD /* libkern */,
			);
		};
/* End PBXProject section */

/* Begin XCBuildConfiguration section */
		B5BF887F1EA851E600D797AD /* Debug */ = {
			isa = XCBuildConfiguration;
			buildSettings = {
				ARCHS = "$(ARCHS_STANDARD_32_BIT)";
				COPY_PHASE_STRIP = NO;
				GCC_WARN_ABOUT_RETURN_TYPE = YES;
				GCC_WARN_UNUSED_VARIABLE = YES;
				ONLY_ACTIVE_ARCH = YES;
				SDKROOT = macosx10.6;
			};
			name = Debug;
		};
		B5BF88801EA851E600D797AD /* Release */ = {
			isa = XCBuildConfiguration;
			buildSettings = {
				ARCHS = "$(ARCHS_STANDARD_32_BIT)";
				COPY_PHASE_STRIP = YES;
				GCC_WARN_ABOUT_RETURN_TYPE = YES;
				GCC_WARN_UNUSED_VARIABLE = YES;
				SDKROOT = macosx10.6;
			};
			name = Release;
		};
		B5BF88921EA851E600D797AD /* Debug */ = {
			isa = XCBuildConfiguration;
			buildSettings = {
				COPY_PHASE_STRIP = NO;
				DEBUGGING_SYMBOLS = YES;
				GCC_DYNAMIC_NO_PIC = NO;
				GCC_ENABLE_FIX_AND_CONTINUE = YES;
				GCC_GENERATE_DEBUGGING_SYMBOLS = YES;
				GCC_OPTIMIZATION_LEVEL = 0;
				OTHER_CFLAGS = "";
				OTHER_LDFLAGS = "";
				PRODUCT_NAME = libkern;
			};
			name = Debug;
		};
		B5BF88931EA851E600D797AD /* Release */ = {
			isa = XCBuildConfiguration;
			buildSettings = {
				COPY_PHASE_STRIP = YES;
				DEBUG_INFORMATION_FORMAT = "dwarf-with-dsym";
				GCC_ENABLE_FIX_AND_CONTINUE = NO;
				OTHER_CFLAGS = "";
				OTHER_LDFLAGS = "";
				PRODUCT_NAME = libkern;
			};
			name = Release;
		};
/* End XCBuildConfiguration section */

/* Begin XCConfigurationList section */
		B5BF88811EA851E600D797AD /* Build configuration list for PBXProject "libkern" */ = {
			isa = XCConfigurationList;
			buildConfigurations = (
				B5BF887F1EA851E600D797AD /* Debug */,
				B5BF88801EA851E600D797AD /* Release */,
			);
			defaultConfigurationIsVisible = 0;
			defaultConfigurationName = Release;
		};
		B5BF88911EA851E600D797AD /* Build configuration list for PBXLegacyTarget "libkern" */ = {
			isa = XCConfigurationList;
			buildConfigurations = (
				B5BF88921EA851E600D797AD /* Debug */,
				B5BF88931EA851E600D797AD /* Release */,
			);
			defaultConfigurationIsVisible = 0;
			defaultConfigurationName = Release;
		};
/* End XCConfigurationList section */
	};
	rootObject = B5BF887E1EA851E600D797AD /* Project object */;
}
