// !$*UTF8*$!
{
	archiveVersion = 1;
	classes = {
	};
	objectVersion = 46;
	objects = {

/* Begin PBXFileReference section */
		B5BF885A1EA851E600D797AD /* ar.h */ = {isa = PBXFileReference; lastKnownFileType = sourcecode.c.h; path = ar.h; sourceTree = "<group>"; };
		B5BF885B1EA851E600D797AD /* architecture */ = {isa = PBXFileReference; lastKnownFileType = folder; path = architecture; sourceTree = "<group>"; };
		B5BF885C1EA851E600D797AD /* i386 */ = {isa = PBXFileReference; lastKnownFileType = folder; path = i386; sourceTree = "<group>"; };
		B5BF885D1EA851E600D797AD /* Info.plist */ = {isa = PBXFileReference; lastKnownFileType = text.plist.xml; path = Info.plist; sourceTree = "<group>"; };
		B5BF885E1EA851E600D797AD /* mach-o */ = {isa = PBXFileReference; lastKnownFileType = folder; path = "mach-o"; sourceTree = "<group>"; };
		B5BF885F1EA851E600D797AD /* machine */ = {isa = PBXFileReference; lastKnownFileType = folder; path = machine; sourceTree = "<group>"; };
		B5BF88601EA851E600D797AD /* Makefile */ = {isa = PBXFileReference; lastKnownFileType = sourcecode.make; path = Makefile; sourceTree = "<group>"; };
		B5BF88611EA851E600D797AD /* ppc */ = {isa = PBXFileReference; lastKnownFileType = folder; path = ppc; sourceTree = "<group>"; };
		B5BF88621EA851E600D797AD /* stdarg.h */ = {isa = PBXFileReference; lastKnownFileType = sourcecode.c.h; path = stdarg.h; sourceTree = "<group>"; };
		B5BF88631EA851E600D797AD /* stdbool.h */ = {isa = PBXFileReference; lastKnownFileType = sourcecode.c.h; path = stdbool.h; sourceTree = "<group>"; };
		B5BF88641EA851E600D797AD /* stdint.h */ = {isa = PBXFileReference; lastKnownFileType = sourcecode.c.h; path = stdint.h; sourceTree = "<group>"; };
/* End PBXFileReference section */

/* Begin PBXGroup section */
		B5BF88541EA851E600D797AD = {
			isa = PBXGroup;
			children = (
				B5BF885A1EA851E600D797AD /* ar.h */,
				B5BF885B1EA851E600D797AD /* architecture */,
				B5BF885C1EA851E600D797AD /* i386 */,
				B5BF885D1EA851E600D797AD /* Info.plist */,
				B5BF885E1EA851E600D797AD /* mach-o */,
				B5BF885F1EA851E600D797AD /* machine */,
				B5BF88601EA851E600D797AD /* Makefile */,
				B5BF88611EA851E600D797AD /* ppc */,
				B5BF88621EA851E600D797AD /* stdarg.h */,
				B5BF88631EA851E600D797AD /* stdbool.h */,
				B5BF88641EA851E600D797AD /* stdint.h */,
			);
			sourceTree = "<group>";
		};
/* End PBXGroup section */

/* Begin PBXLegacyTarget section */
		B5BF88591EA851E600D797AD /* EXTERNAL_HEADERS */ = {
			isa = PBXLegacyTarget;
			buildArgumentsString = "$(ACTION)";
			buildConfigurationList = B5BF88651EA851E600D797AD /* Build configuration list for PBXLegacyTarget "EXTERNAL_HEADERS" */;
			buildPhases = (
			);
			buildToolPath = /usr/bin/make;
			buildWorkingDirectory = "/Users/xiushan.fan/Documents/Self.Code/Code.GitHub/Survey.xnu-1228.0.2/EXTERNAL_HEADERS";
			dependencies = (
			);
			name = EXTERNAL_HEADERS;
			passBuildSettingsInEnvironment = 1;
			productName = EXTERNAL_HEADERS;
		};
/* End PBXLegacyTarget section */

/* Begin PBXProject section */
		B5BF88551EA851E600D797AD /* Project object */ = {
			isa = PBXProject;
			attributes = {
			};
			buildConfigurationList = B5BF88581EA851E600D797AD /* Build configuration list for PBXProject "EXTERNAL_HEADERS" */;
			compatibilityVersion = "Xcode 3.2";
			developmentRegion = English;
			hasScannedForEncodings = 0;
			knownRegions = (
				en,
			);
			mainGroup = B5BF88541EA851E600D797AD;
			projectDirPath = "";
			projectRoot = "";
			targets = (
				B5BF88591EA851E600D797AD /* EXTERNAL_HEADERS */,
			);
		};
/* End PBXProject section */

/* Begin XCBuildConfiguration section */
		B5BF88561EA851E600D797AD /* Debug */ = {
			isa = XCBuildConfiguration;
			buildSettings = {
				ARCHS = "$(ARCHS_STANDARD_32_BIT)";
				COPY_PHASE_STRIP = NO;
				GCC_WARN_ABOUT_RETURN_TYPE = YES;
				GCC_WARN_UNUSED_VARIABLE = YES;
				ONLY_ACTIVE_ARCH = YES;
				SDKROOT = macosx10.6;
			};
			name = Debug;
		};
		B5BF88571EA851E600D797AD /* Release */ = {
			isa = XCBuildConfiguration;
			buildSettings = {
				ARCHS = "$(ARCHS_STANDARD_32_BIT)";
				COPY_PHASE_STRIP = YES;
				GCC_WARN_ABOUT_RETURN_TYPE = YES;
				GCC_WARN_UNUSED_VARIABLE = YES;
				SDKROOT = macosx10.6;
			};
			name = Release;
		};
		B5BF88661EA851E600D797AD /* Debug */ = {
			isa = XCBuildConfiguration;
			buildSettings = {
				COPY_PHASE_STRIP = NO;
				DEBUGGING_SYMBOLS = YES;
				GCC_DYNAMIC_NO_PIC = NO;
				GCC_ENABLE_FIX_AND_CONTINUE = YES;
				GCC_GENERATE_DEBUGGING_SYMBOLS = YES;
				GCC_OPTIMIZATION_LEVEL = 0;
				OTHER_CFLAGS = "";
				OTHER_LDFLAGS = "";
				PRODUCT_NAME = EXTERNAL_HEADERS;
			};
			name = Debug;
		};
		B5BF88671EA851E600D797AD /* Release */ = {
			isa = XCBuildConfiguration;
			buildSettings = {
				COPY_PHASE_STRIP = YES;
				DEBUG_INFORMATION_FORMAT = "dwarf-with-dsym";
				GCC_ENABLE_FIX_AND_CONTINUE = NO;
				OTHER_CFLAGS = "";
				OTHER_LDFLAGS = "";
				PRODUCT_NAME = EXTERNAL_HEADERS;
			};
			name = Release;
		};
/* End XCBuildConfiguration section */

/* Begin XCConfigurationList section */
		B5BF88581EA851E600D797AD /* Build configuration list for PBXProject "EXTERNAL_HEADERS" */ = {
			isa = XCConfigurationList;
			buildConfigurations = (
				B5BF88561EA851E600D797AD /* Debug */,
				B5BF88571EA851E600D797AD /* Release */,
			);
			defaultConfigurationIsVisible = 0;
			defaultConfigurationName = Release;
		};
		B5BF88651EA851E600D797AD /* Build configuration list for PBXLegacyTarget "EXTERNAL_HEADERS" */ = {
			isa = XCConfigurationList;
			buildConfigurations = (
				B5BF88661EA851E600D797AD /* Debug */,
				B5BF88671EA851E600D797AD /* Release */,
			);
			defaultConfigurationIsVisible = 0;
			defaultConfigurationName = Release;
		};
/* End XCConfigurationList section */
	};
	rootObject = B5BF88551EA851E600D797AD /* Project object */;
}
